<?xml version="1.0" encoding="UTF-8" standalone="yes" ?>
<CodeBlocks_project_file>
	<FileVersion major="1" minor="6" />
	<Project>
		<Option title="openp2p" />
		<Option pch_mode="2" />
		<Option compiler="gcc" />
		<Build>
			<Target title="Debug">
				<Option output=".bin/Debug/libopenp2p" prefix_auto="1" extension_auto="1" />
				<Option working_dir="" />
				<Option object_output=".obj/Debug/" />
				<Option type="2" />
				<Option compiler="gcc" />
				<Compiler>
					<Add option="-g" />
				</Compiler>
			</Target>
			<Target title="Release">
				<Option output=".bin/Release/libopenp2p" prefix_auto="1" extension_auto="1" />
				<Option working_dir="" />
				<Option object_output=".obj/Release/" />
				<Option type="2" />
				<Option compiler="gcc" />
				<Compiler>
					<Add option="-Os" />
					<Add option="-O3" />
				</Compiler>
				<Linker>
					<Add option="-s" />
				</Linker>
			</Target>
		</Build>
		<Compiler>
			<Add option="-Wall" />
			<Add option="-I/usr/lib/wx/include/gtk2-unicode-release-2.8 -I/usr/include/wx-2.8 -D_FILE_OFFSET_BITS=64 -D_LARGE_FILES -D__WXGTK__" />
			<Add directory="src" />
		</Compiler>
		<Unit filename="src/OpenP2P.hpp" />
		<Unit filename="src/OpenP2P/Block.cpp" />
		<Unit filename="src/OpenP2P/Block.hpp" />
		<Unit filename="src/OpenP2P/Buffer.cpp" />
		<Unit filename="src/OpenP2P/Buffer.hpp" />
		<Unit filename="src/OpenP2P/BufferBuilder.cpp" />
		<Unit filename="src/OpenP2P/BufferBuilder.hpp" />
		<Unit filename="src/OpenP2P/BufferIterator.cpp" />
		<Unit filename="src/OpenP2P/BufferIterator.hpp" />
		<Unit filename="src/OpenP2P/BufferQueue.cpp" />
		<Unit filename="src/OpenP2P/BufferQueue.hpp" />
		<Unit filename="src/OpenP2P/CancelFunction.hpp" />
		<Unit filename="src/OpenP2P/DestroyHandler.hpp" />
		<Unit filename="src/OpenP2P/Dispatcher.cpp" />
		<Unit filename="src/OpenP2P/Dispatcher.hpp" />
		<Unit filename="src/OpenP2P/Generator.hpp" />
		<Unit filename="src/OpenP2P/IOStream.hpp" />
		<Unit filename="src/OpenP2P/IStream.cpp" />
		<Unit filename="src/OpenP2P/IStream.hpp" />
		<Unit filename="src/OpenP2P/IdMap.hpp" />
		<Unit filename="src/OpenP2P/Join.cpp" />
		<Unit filename="src/OpenP2P/Join.hpp" />
		<Unit filename="src/OpenP2P/Kademlia.hpp" />
		<Unit filename="src/OpenP2P/Kademlia/BucketSet.hpp" />
		<Unit filename="src/OpenP2P/Kademlia/DHT.hpp" />
		<Unit filename="src/OpenP2P/Kademlia/Database.hpp" />
		<Unit filename="src/OpenP2P/Kademlia/FindNode.hpp" />
		<Unit filename="src/OpenP2P/Kademlia/FindValue.hpp" />
		<Unit filename="src/OpenP2P/Kademlia/Id.hpp" />
		<Unit filename="src/OpenP2P/Kademlia/IdGenerator.hpp" />
		<Unit filename="src/OpenP2P/Kademlia/MapDatabase.hpp" />
		<Unit filename="src/OpenP2P/Kademlia/Node.hpp" />
		<Unit filename="src/OpenP2P/Kademlia/NodeGroup.hpp" />
		<Unit filename="src/OpenP2P/Kademlia/NodeQueue.hpp" />
		<Unit filename="src/OpenP2P/Kademlia/Ping.hpp" />
		<Unit filename="src/OpenP2P/Kademlia/Store.hpp" />
		<Unit filename="src/OpenP2P/NoBlock.cpp" />
		<Unit filename="src/OpenP2P/NoBlock.hpp" />
		<Unit filename="src/OpenP2P/NullFunction.hpp" />
		<Unit filename="src/OpenP2P/OStream.cpp" />
		<Unit filename="src/OpenP2P/OStream.hpp" />
		<Unit filename="src/OpenP2P/RPCProtocol.hpp" />
		<Unit filename="src/OpenP2P/SafeMap.hpp" />
		<Unit filename="src/OpenP2P/Signal.cpp" />
		<Unit filename="src/OpenP2P/Signal.hpp" />
		<Unit filename="src/OpenP2P/Socket.hpp" />
		<Unit filename="src/OpenP2P/Stream.hpp" />
		<Unit filename="src/OpenP2P/TCP.hpp" />
		<Unit filename="src/OpenP2P/TCP/Accept.cpp" />
		<Unit filename="src/OpenP2P/TCP/Accept.hpp" />
		<Unit filename="src/OpenP2P/TCP/Connect.cpp" />
		<Unit filename="src/OpenP2P/TCP/Connect.hpp" />
		<Unit filename="src/OpenP2P/TCP/Endpoint.cpp" />
		<Unit filename="src/OpenP2P/TCP/Endpoint.hpp" />
		<Unit filename="src/OpenP2P/TCP/Resolve.cpp" />
		<Unit filename="src/OpenP2P/TCP/Resolve.hpp" />
		<Unit filename="src/OpenP2P/TCP/Stream.cpp" />
		<Unit filename="src/OpenP2P/TCP/Stream.hpp" />
		<Unit filename="src/OpenP2P/Timeout.cpp" />
		<Unit filename="src/OpenP2P/Timeout.hpp" />
		<Unit filename="src/OpenP2P/UDP.hpp" />
		<Unit filename="src/OpenP2P/UDP/Endpoint.cpp" />
		<Unit filename="src/OpenP2P/UDP/Endpoint.hpp" />
		<Unit filename="src/OpenP2P/UDP/Socket.cpp" />
		<Unit filename="src/OpenP2P/UDP/Socket.hpp" />
		<Unit filename="src/OpenP2P/Wait.cpp" />
		<Unit filename="src/OpenP2P/Wait.hpp" />
		<Unit filename="src/OpenP2P/WaitCallback.hpp" />
		<Unit filename="src/OpenP2P/WaitHandler.hpp" />
		<Unit filename="src/OpenP2P/WrappedHandler.hpp" />
		<Extensions>
			<code_completion />
			<debugger />
		</Extensions>
	</Project>
</CodeBlocks_project_file>
